// !$*UTF8*$!
{
	archiveVersion = 1;
	classes = {
	};
	objectVersion = 46;
	objects = {

/* Begin PBXBuildFile section */
		8A01CE2A1AEFA81B00612C0E /* main.m in Sources */ = {isa = PBXBuildFile; fileRef = 8A01CDEC1AEFA81B00612C0E /* main.m */; };
		8A01CE2B1AEFA81B00612C0E /* NSString+TKAExtension.m in Sources */ = {isa = PBXBuildFile; fileRef = 8A01CDF01AEFA81B00612C0E /* NSString+TKAExtension.m */; };
		8A01CE2C1AEFA81B00612C0E /* TKAAdminRoom.m in Sources */ = {isa = PBXBuildFile; fileRef = 8A01CDF51AEFA81B00612C0E /* TKAAdminRoom.m */; };
		8A01CE2D1AEFA81B00612C0E /* TKABuilding.m in Sources */ = {isa = PBXBuildFile; fileRef = 8A01CDF81AEFA81B00612C0E /* TKABuilding.m */; };
		8A01CE2E1AEFA81B00612C0E /* TKACarBox.m in Sources */ = {isa = PBXBuildFile; fileRef = 8A01CDFB1AEFA81B00612C0E /* TKACarBox.m */; };
		8A01CE2F1AEFA81B00612C0E /* TKARoom.m in Sources */ = {isa = PBXBuildFile; fileRef = 8A01CDFE1AEFA81B00612C0E /* TKARoom.m */; };
		8A01CE301AEFA81B00612C0E /* TKACar.m in Sources */ = {isa = PBXBuildFile; fileRef = 8A01CE011AEFA81B00612C0E /* TKACar.m */; };
		8A01CE311AEFA81B00612C0E /* TKACarBathTest.m in Sources */ = {isa = PBXBuildFile; fileRef = 8A01CE041AEFA81B00612C0E /* TKACarBathTest.m */; };
		8A01CE321AEFA81B00612C0E /* TKAAccountant.m in Sources */ = {isa = PBXBuildFile; fileRef = 8A01CE081AEFA81B00612C0E /* TKAAccountant.m */; };
		8A01CE331AEFA81B00612C0E /* TKADirector.m in Sources */ = {isa = PBXBuildFile; fileRef = 8A01CE0B1AEFA81B00612C0E /* TKADirector.m */; };
		8A01CE341AEFA81B00612C0E /* TKAEmployee.m in Sources */ = {isa = PBXBuildFile; fileRef = 8A01CE0E1AEFA81B00612C0E /* TKAEmployee.m */; };
		8A01CE351AEFA81B00612C0E /* TKAWasher.m in Sources */ = {isa = PBXBuildFile; fileRef = 8A01CE121AEFA81B00612C0E /* TKAWasher.m */; };
		8A01CE361AEFA81B00612C0E /* TKAEnterprise.m in Sources */ = {isa = PBXBuildFile; fileRef = 8A01CE151AEFA81B00612C0E /* TKAEnterprise.m */; };
		8A01CE371AEFA81B00612C0E /* TKAMoney.m in Sources */ = {isa = PBXBuildFile; fileRef = 8A01CE181AEFA81B00612C0E /* TKAMoney.m */; };
		8A01CE381AEFA81B00612C0E /* NSObject+TKAExtension.m in Sources */ = {isa = PBXBuildFile; fileRef = 8A01CE1B1AEFA81B00612C0E /* NSObject+TKAExtension.m */; };
		8A01CE391AEFA81B00612C0E /* NSObject+TKACategory.m in Sources */ = {isa = PBXBuildFile; fileRef = 8A01CE1E1AEFA81B00612C0E /* NSObject+TKACategory.m */; };
		8A01CE3A1AEFA81B00612C0E /* TKACreature.m in Sources */ = {isa = PBXBuildFile; fileRef = 8A01CE201AEFA81B00612C0E /* TKACreature.m */; };
		8A01CE3B1AEFA81B00612C0E /* TKACreatureFemale.m in Sources */ = {isa = PBXBuildFile; fileRef = 8A01CE221AEFA81B00612C0E /* TKACreatureFemale.m */; };
		8A01CE3C1AEFA81B00612C0E /* TKACreatureMale.m in Sources */ = {isa = PBXBuildFile; fileRef = 8A01CE241AEFA81B00612C0E /* TKACreatureMale.m */; };
		8A01CE3D1AEFA81B00612C0E /* TKAHuman.m in Sources */ = {isa = PBXBuildFile; fileRef = 8A01CE271AEFA81B00612C0E /* TKAHuman.m */; };
		8A01CE3E1AEFA81B00612C0E /* TKAHumanTest.m in Sources */ = {isa = PBXBuildFile; fileRef = 8A01CE291AEFA81B00612C0E /* TKAHumanTest.m */; };
		8A558DB41ACD3FD800BF2EFC /* TKAAutoreleasePool.c in Sources */ = {isa = PBXBuildFile; fileRef = 8A558DB21ACD3FD800BF2EFC /* TKAAutoreleasePool.c */; };
		8A558DB81ACD406300BF2EFC /* TKAAutoreleasePoolTest.c in Sources */ = {isa = PBXBuildFile; fileRef = 8A558DB61ACD406300BF2EFC /* TKAAutoreleasePoolTest.c */; };
		8A6575B61AD2591A000ACDE0 /* TKALinkedListNodeTest.c in Sources */ = {isa = PBXBuildFile; fileRef = 8A6575B41AD2591A000ACDE0 /* TKALinkedListNodeTest.c */; };
		8A72FADF1AC20F6C00C272E9 /* main.c in Sources */ = {isa = PBXBuildFile; fileRef = 8A72FADE1AC20F6C00C272E9 /* main.c */; };
		8A72FAE71AC20FB000C272E9 /* TKAObject.c in Sources */ = {isa = PBXBuildFile; fileRef = 8A72FAE51AC20FB000C272E9 /* TKAObject.c */; };
		8A72FAEA1AC20FEA00C272E9 /* TKAAutoreleasingStack.c in Sources */ = {isa = PBXBuildFile; fileRef = 8A72FAE81AC20FEA00C272E9 /* TKAAutoreleasingStack.c */; };
		8A72FAED1AC2105600C272E9 /* TKAPropertySetter.c in Sources */ = {isa = PBXBuildFile; fileRef = 8A72FAEB1AC2105600C272E9 /* TKAPropertySetter.c */; };
		8A72FAF51AC2110500C272E9 /* TKALinkedListNode.c in Sources */ = {isa = PBXBuildFile; fileRef = 8A72FAF31AC2110500C272E9 /* TKALinkedListNode.c */; };
		8A72FAF91AC2118600C272E9 /* TKALinkedList.c in Sources */ = {isa = PBXBuildFile; fileRef = 8A72FAF71AC2118600C272E9 /* TKALinkedList.c */; };
		8A72FAFD1AC211FC00C272E9 /* TKALinkedListEnumerator.c in Sources */ = {isa = PBXBuildFile; fileRef = 8A72FAFB1AC211FC00C272E9 /* TKALinkedListEnumerator.c */; };
		8A72FB011AC2F64100C272E9 /* TKAObjectTest.c in Sources */ = {isa = PBXBuildFile; fileRef = 8A72FAFF1AC2F64100C272E9 /* TKAObjectTest.c */; };
		8A72FB041AC2F66C00C272E9 /* TKAAutoreleasingStackTest.c in Sources */ = {isa = PBXBuildFile; fileRef = 8A72FB021AC2F66C00C272E9 /* TKAAutoreleasingStackTest.c */; };
		8A72FB071AC2F69400C272E9 /* TKALinkedListTest.c in Sources */ = {isa = PBXBuildFile; fileRef = 8A72FB051AC2F69400C272E9 /* TKALinkedListTest.c */; };
		8AFAE7851AD55B6F00DEB812 /* TKAString.c in Sources */ = {isa = PBXBuildFile; fileRef = 8AFAE7831AD55B6F00DEB812 /* TKAString.c */; };
		8AFAE7881AD55B9600DEB812 /* TKAStringTest.c in Sources */ = {isa = PBXBuildFile; fileRef = 8AFAE7861AD55B9600DEB812 /* TKAStringTest.c */; };
/* End PBXBuildFile section */

/* Begin PBXCopyFilesBuildPhase section */
		8A72FAD91AC20F6C00C272E9 /* CopyFiles */ = {
			isa = PBXCopyFilesBuildPhase;
			buildActionMask = 2147483647;
			dstPath = /usr/share/man/man1/;
			dstSubfolderSpec = 0;
			files = (
			);
			runOnlyForDeploymentPostprocessing = 1;
		};
		8A999A2B1ADCD34500EA5A08 /* CopyFiles */ = {
			isa = PBXCopyFilesBuildPhase;
			buildActionMask = 2147483647;
			dstPath = /usr/share/man/man1/;
			dstSubfolderSpec = 0;
			files = (
			);
			runOnlyForDeploymentPostprocessing = 1;
		};
/* End PBXCopyFilesBuildPhase section */

/* Begin PBXFileReference section */
		8A01CDEC1AEFA81B00612C0E /* main.m */ = {isa = PBXFileReference; fileEncoding = 4; lastKnownFileType = sourcecode.c.objc; path = main.m; sourceTree = "<group>"; };
		8A01CDEF1AEFA81B00612C0E /* NSString+TKAExtension.h */ = {isa = PBXFileReference; fileEncoding = 4; lastKnownFileType = sourcecode.c.h; path = "NSString+TKAExtension.h"; sourceTree = "<group>"; };
		8A01CDF01AEFA81B00612C0E /* NSString+TKAExtension.m */ = {isa = PBXFileReference; fileEncoding = 4; lastKnownFileType = sourcecode.c.objc; path = "NSString+TKAExtension.m"; sourceTree = "<group>"; };
		8A01CDF41AEFA81B00612C0E /* TKAAdminRoom.h */ = {isa = PBXFileReference; fileEncoding = 4; lastKnownFileType = sourcecode.c.h; path = TKAAdminRoom.h; sourceTree = "<group>"; };
		8A01CDF51AEFA81B00612C0E /* TKAAdminRoom.m */ = {isa = PBXFileReference; fileEncoding = 4; lastKnownFileType = sourcecode.c.objc; path = TKAAdminRoom.m; sourceTree = "<group>"; };
		8A01CDF71AEFA81B00612C0E /* TKABuilding.h */ = {isa = PBXFileReference; fileEncoding = 4; lastKnownFileType = sourcecode.c.h; path = TKABuilding.h; sourceTree = "<group>"; };
		8A01CDF81AEFA81B00612C0E /* TKABuilding.m */ = {isa = PBXFileReference; fileEncoding = 4; lastKnownFileType = sourcecode.c.objc; path = TKABuilding.m; sourceTree = "<group>"; };
		8A01CDFA1AEFA81B00612C0E /* TKACarBox.h */ = {isa = PBXFileReference; fileEncoding = 4; lastKnownFileType = sourcecode.c.h; path = TKACarBox.h; sourceTree = "<group>"; };
		8A01CDFB1AEFA81B00612C0E /* TKACarBox.m */ = {isa = PBXFileReference; fileEncoding = 4; lastKnownFileType = sourcecode.c.objc; path = TKACarBox.m; sourceTree = "<group>"; };
		8A01CDFD1AEFA81B00612C0E /* TKARoom.h */ = {isa = PBXFileReference; fileEncoding = 4; lastKnownFileType = sourcecode.c.h; path = TKARoom.h; sourceTree = "<group>"; };
		8A01CDFE1AEFA81B00612C0E /* TKARoom.m */ = {isa = PBXFileReference; fileEncoding = 4; lastKnownFileType = sourcecode.c.objc; path = TKARoom.m; sourceTree = "<group>"; };
		8A01CE001AEFA81B00612C0E /* TKACar.h */ = {isa = PBXFileReference; fileEncoding = 4; lastKnownFileType = sourcecode.c.h; path = TKACar.h; sourceTree = "<group>"; };
		8A01CE011AEFA81B00612C0E /* TKACar.m */ = {isa = PBXFileReference; fileEncoding = 4; lastKnownFileType = sourcecode.c.objc; path = TKACar.m; sourceTree = "<group>"; };
		8A01CE031AEFA81B00612C0E /* TKACarBathTest.h */ = {isa = PBXFileReference; fileEncoding = 4; lastKnownFileType = sourcecode.c.h; path = TKACarBathTest.h; sourceTree = "<group>"; };
		8A01CE041AEFA81B00612C0E /* TKACarBathTest.m */ = {isa = PBXFileReference; fileEncoding = 4; lastKnownFileType = sourcecode.c.objc; path = TKACarBathTest.m; sourceTree = "<group>"; };
		8A01CE071AEFA81B00612C0E /* TKAAccountant.h */ = {isa = PBXFileReference; fileEncoding = 4; lastKnownFileType = sourcecode.c.h; path = TKAAccountant.h; sourceTree = "<group>"; };
		8A01CE081AEFA81B00612C0E /* TKAAccountant.m */ = {isa = PBXFileReference; fileEncoding = 4; lastKnownFileType = sourcecode.c.objc; path = TKAAccountant.m; sourceTree = "<group>"; };
		8A01CE0A1AEFA81B00612C0E /* TKADirector.h */ = {isa = PBXFileReference; fileEncoding = 4; lastKnownFileType = sourcecode.c.h; path = TKADirector.h; sourceTree = "<group>"; };
		8A01CE0B1AEFA81B00612C0E /* TKADirector.m */ = {isa = PBXFileReference; fileEncoding = 4; lastKnownFileType = sourcecode.c.objc; path = TKADirector.m; sourceTree = "<group>"; };
		8A01CE0D1AEFA81B00612C0E /* TKAEmployee.h */ = {isa = PBXFileReference; fileEncoding = 4; lastKnownFileType = sourcecode.c.h; path = TKAEmployee.h; sourceTree = "<group>"; };
		8A01CE0E1AEFA81B00612C0E /* TKAEmployee.m */ = {isa = PBXFileReference; fileEncoding = 4; lastKnownFileType = sourcecode.c.objc; path = TKAEmployee.m; sourceTree = "<group>"; };
		8A01CE0F1AEFA81B00612C0E /* TKAEmployeeProtocol.h */ = {isa = PBXFileReference; fileEncoding = 4; lastKnownFileType = sourcecode.c.h; path = TKAEmployeeProtocol.h; sourceTree = "<group>"; };
		8A01CE111AEFA81B00612C0E /* TKAWasher.h */ = {isa = PBXFileReference; fileEncoding = 4; lastKnownFileType = sourcecode.c.h; path = TKAWasher.h; sourceTree = "<group>"; };
		8A01CE121AEFA81B00612C0E /* TKAWasher.m */ = {isa = PBXFileReference; fileEncoding = 4; lastKnownFileType = sourcecode.c.objc; path = TKAWasher.m; sourceTree = "<group>"; };
		8A01CE141AEFA81B00612C0E /* TKAEnterprise.h */ = {isa = PBXFileReference; fileEncoding = 4; lastKnownFileType = sourcecode.c.h; path = TKAEnterprise.h; sourceTree = "<group>"; };
		8A01CE151AEFA81B00612C0E /* TKAEnterprise.m */ = {isa = PBXFileReference; fileEncoding = 4; lastKnownFileType = sourcecode.c.objc; path = TKAEnterprise.m; sourceTree = "<group>"; };
		8A01CE171AEFA81B00612C0E /* TKAMoney.h */ = {isa = PBXFileReference; fileEncoding = 4; lastKnownFileType = sourcecode.c.h; path = TKAMoney.h; sourceTree = "<group>"; };
		8A01CE181AEFA81B00612C0E /* TKAMoney.m */ = {isa = PBXFileReference; fileEncoding = 4; lastKnownFileType = sourcecode.c.objc; path = TKAMoney.m; sourceTree = "<group>"; };
		8A01CE1A1AEFA81B00612C0E /* NSObject+TKAExtension.h */ = {isa = PBXFileReference; fileEncoding = 4; lastKnownFileType = sourcecode.c.h; path = "NSObject+TKAExtension.h"; sourceTree = "<group>"; };
		8A01CE1B1AEFA81B00612C0E /* NSObject+TKAExtension.m */ = {isa = PBXFileReference; fileEncoding = 4; lastKnownFileType = sourcecode.c.objc; path = "NSObject+TKAExtension.m"; sourceTree = "<group>"; };
		8A01CE1D1AEFA81B00612C0E /* NSObject+TKACategory.h */ = {isa = PBXFileReference; fileEncoding = 4; lastKnownFileType = sourcecode.c.h; path = "NSObject+TKACategory.h"; sourceTree = "<group>"; };
		8A01CE1E1AEFA81B00612C0E /* NSObject+TKACategory.m */ = {isa = PBXFileReference; fileEncoding = 4; lastKnownFileType = sourcecode.c.objc; path = "NSObject+TKACategory.m"; sourceTree = "<group>"; };
		8A01CE1F1AEFA81B00612C0E /* TKACreature.h */ = {isa = PBXFileReference; fileEncoding = 4; lastKnownFileType = sourcecode.c.h; path = TKACreature.h; sourceTree = "<group>"; };
		8A01CE201AEFA81B00612C0E /* TKACreature.m */ = {isa = PBXFileReference; fileEncoding = 4; lastKnownFileType = sourcecode.c.objc; path = TKACreature.m; sourceTree = "<group>"; };
		8A01CE211AEFA81B00612C0E /* TKACreatureFemale.h */ = {isa = PBXFileReference; fileEncoding = 4; lastKnownFileType = sourcecode.c.h; path = TKACreatureFemale.h; sourceTree = "<group>"; };
		8A01CE221AEFA81B00612C0E /* TKACreatureFemale.m */ = {isa = PBXFileReference; fileEncoding = 4; lastKnownFileType = sourcecode.c.objc; path = TKACreatureFemale.m; sourceTree = "<group>"; };
		8A01CE231AEFA81B00612C0E /* TKACreatureMale.h */ = {isa = PBXFileReference; fileEncoding = 4; lastKnownFileType = sourcecode.c.h; path = TKACreatureMale.h; sourceTree = "<group>"; };
		8A01CE241AEFA81B00612C0E /* TKACreatureMale.m */ = {isa = PBXFileReference; fileEncoding = 4; lastKnownFileType = sourcecode.c.objc; path = TKACreatureMale.m; sourceTree = "<group>"; };
		8A01CE261AEFA81B00612C0E /* TKAHuman.h */ = {isa = PBXFileReference; fileEncoding = 4; lastKnownFileType = sourcecode.c.h; path = TKAHuman.h; sourceTree = "<group>"; };
		8A01CE271AEFA81B00612C0E /* TKAHuman.m */ = {isa = PBXFileReference; fileEncoding = 4; lastKnownFileType = sourcecode.c.objc; path = TKAHuman.m; sourceTree = "<group>"; };
		8A01CE281AEFA81B00612C0E /* TKAHumanTest.h */ = {isa = PBXFileReference; fileEncoding = 4; lastKnownFileType = sourcecode.c.h; path = TKAHumanTest.h; sourceTree = "<group>"; };
		8A01CE291AEFA81B00612C0E /* TKAHumanTest.m */ = {isa = PBXFileReference; fileEncoding = 4; lastKnownFileType = sourcecode.c.objc; path = TKAHumanTest.m; sourceTree = "<group>"; };
		8A4766D71AC94E94000FFFBE /* TKALinkedListPrivate.h */ = {isa = PBXFileReference; lastKnownFileType = sourcecode.c.h; name = TKALinkedListPrivate.h; path = TKAAutoreleasePool/TKALinkedListPrivate.h; sourceTree = "<group>"; };
		8A4766D81AC94F28000FFFBE /* TKALinkedListEnumeratorPrivate.h */ = {isa = PBXFileReference; lastKnownFileType = sourcecode.c.h; name = TKALinkedListEnumeratorPrivate.h; path = TKAAutoreleasePool/TKALinkedListEnumeratorPrivate.h; sourceTree = "<group>"; };
		8A558DB21ACD3FD800BF2EFC /* TKAAutoreleasePool.c */ = {isa = PBXFileReference; fileEncoding = 4; lastKnownFileType = sourcecode.c.c; name = TKAAutoreleasePool.c; path = TKAAutoreleasePool/TKAAutoreleasePool.c; sourceTree = "<group>"; };
		8A558DB31ACD3FD800BF2EFC /* TKAAutoreleasePool.h */ = {isa = PBXFileReference; fileEncoding = 4; lastKnownFileType = sourcecode.c.h; name = TKAAutoreleasePool.h; path = TKAAutoreleasePool/TKAAutoreleasePool.h; sourceTree = "<group>"; };
		8A558DB61ACD406300BF2EFC /* TKAAutoreleasePoolTest.c */ = {isa = PBXFileReference; fileEncoding = 4; lastKnownFileType = sourcecode.c.c; path = TKAAutoreleasePoolTest.c; sourceTree = "<group>"; };
		8A558DB71ACD406300BF2EFC /* TKAAutoreleasePoolTest.h */ = {isa = PBXFileReference; fileEncoding = 4; lastKnownFileType = sourcecode.c.h; path = TKAAutoreleasePoolTest.h; sourceTree = "<group>"; };
		8A6575B41AD2591A000ACDE0 /* TKALinkedListNodeTest.c */ = {isa = PBXFileReference; fileEncoding = 4; lastKnownFileType = sourcecode.c.c; path = TKALinkedListNodeTest.c; sourceTree = "<group>"; };
		8A6575B51AD2591A000ACDE0 /* TKALinkedListNodeTest.h */ = {isa = PBXFileReference; fileEncoding = 4; lastKnownFileType = sourcecode.c.h; path = TKALinkedListNodeTest.h; sourceTree = "<group>"; };
		8A72FADB1AC20F6C00C272E9 /* TKAAutoreleasePool */ = {isa = PBXFileReference; explicitFileType = "compiled.mach-o.executable"; includeInIndex = 0; path = TKAAutoreleasePool; sourceTree = BUILT_PRODUCTS_DIR; };
		8A72FADE1AC20F6C00C272E9 /* main.c */ = {isa = PBXFileReference; lastKnownFileType = sourcecode.c.c; path = main.c; sourceTree = "<group>"; };
		8A72FAE51AC20FB000C272E9 /* TKAObject.c */ = {isa = PBXFileReference; fileEncoding = 4; lastKnownFileType = sourcecode.c.c; path = TKAObject.c; sourceTree = "<group>"; };
		8A72FAE61AC20FB000C272E9 /* TKAObject.h */ = {isa = PBXFileReference; fileEncoding = 4; lastKnownFileType = sourcecode.c.h; path = TKAObject.h; sourceTree = "<group>"; };
		8A72FAE81AC20FEA00C272E9 /* TKAAutoreleasingStack.c */ = {isa = PBXFileReference; fileEncoding = 4; lastKnownFileType = sourcecode.c.c; path = TKAAutoreleasingStack.c; sourceTree = "<group>"; };
		8A72FAE91AC20FEA00C272E9 /* TKAAutoreleasingStack.h */ = {isa = PBXFileReference; fileEncoding = 4; lastKnownFileType = sourcecode.c.h; path = TKAAutoreleasingStack.h; sourceTree = "<group>"; };
		8A72FAEB1AC2105600C272E9 /* TKAPropertySetter.c */ = {isa = PBXFileReference; fileEncoding = 4; lastKnownFileType = sourcecode.c.c; path = TKAPropertySetter.c; sourceTree = "<group>"; };
		8A72FAEC1AC2105600C272E9 /* TKAPropertySetter.h */ = {isa = PBXFileReference; fileEncoding = 4; lastKnownFileType = sourcecode.c.h; path = TKAPropertySetter.h; sourceTree = "<group>"; };
		8A72FAF31AC2110500C272E9 /* TKALinkedListNode.c */ = {isa = PBXFileReference; fileEncoding = 4; lastKnownFileType = sourcecode.c.c; path = TKALinkedListNode.c; sourceTree = "<group>"; };
		8A72FAF41AC2110500C272E9 /* TKALinkedListNode.h */ = {isa = PBXFileReference; fileEncoding = 4; lastKnownFileType = sourcecode.c.h; path = TKALinkedListNode.h; sourceTree = "<group>"; };
		8A72FAF71AC2118600C272E9 /* TKALinkedList.c */ = {isa = PBXFileReference; fileEncoding = 4; lastKnownFileType = sourcecode.c.c; name = TKALinkedList.c; path = TKAAutoreleasePool/TKALinkedList.c; sourceTree = "<group>"; };
		8A72FAF81AC2118600C272E9 /* TKALinkedList.h */ = {isa = PBXFileReference; fileEncoding = 4; lastKnownFileType = sourcecode.c.h; name = TKALinkedList.h; path = TKAAutoreleasePool/TKALinkedList.h; sourceTree = "<group>"; };
		8A72FAFB1AC211FC00C272E9 /* TKALinkedListEnumerator.c */ = {isa = PBXFileReference; fileEncoding = 4; lastKnownFileType = sourcecode.c.c; name = TKALinkedListEnumerator.c; path = TKAAutoreleasePool/TKALinkedListEnumerator.c; sourceTree = "<group>"; };
		8A72FAFC1AC211FC00C272E9 /* TKALinkedListEnumerator.h */ = {isa = PBXFileReference; fileEncoding = 4; lastKnownFileType = sourcecode.c.h; name = TKALinkedListEnumerator.h; path = TKAAutoreleasePool/TKALinkedListEnumerator.h; sourceTree = "<group>"; };
		8A72FAFF1AC2F64100C272E9 /* TKAObjectTest.c */ = {isa = PBXFileReference; fileEncoding = 4; lastKnownFileType = sourcecode.c.c; path = TKAObjectTest.c; sourceTree = "<group>"; };
		8A72FB001AC2F64100C272E9 /* TKAObjectTest.h */ = {isa = PBXFileReference; fileEncoding = 4; lastKnownFileType = sourcecode.c.h; path = TKAObjectTest.h; sourceTree = "<group>"; };
		8A72FB021AC2F66C00C272E9 /* TKAAutoreleasingStackTest.c */ = {isa = PBXFileReference; fileEncoding = 4; lastKnownFileType = sourcecode.c.c; path = TKAAutoreleasingStackTest.c; sourceTree = "<group>"; };
		8A72FB031AC2F66C00C272E9 /* TKAAutoreleasingStackTest.h */ = {isa = PBXFileReference; fileEncoding = 4; lastKnownFileType = sourcecode.c.h; path = TKAAutoreleasingStackTest.h; sourceTree = "<group>"; };
		8A72FB051AC2F69400C272E9 /* TKALinkedListTest.c */ = {isa = PBXFileReference; fileEncoding = 4; lastKnownFileType = sourcecode.c.c; path = TKALinkedListTest.c; sourceTree = "<group>"; };
		8A72FB061AC2F69400C272E9 /* TKALinkedListTest.h */ = {isa = PBXFileReference; fileEncoding = 4; lastKnownFileType = sourcecode.c.h; path = TKALinkedListTest.h; sourceTree = "<group>"; };
		8A999A2D1ADCD34500EA5A08 /* TKAObjC */ = {isa = PBXFileReference; explicitFileType = "compiled.mach-o.executable"; includeInIndex = 0; path = TKAObjC; sourceTree = BUILT_PRODUCTS_DIR; };
		8AFAE7831AD55B6F00DEB812 /* TKAString.c */ = {isa = PBXFileReference; fileEncoding = 4; lastKnownFileType = sourcecode.c.c; path = TKAString.c; sourceTree = "<group>"; };
		8AFAE7841AD55B6F00DEB812 /* TKAString.h */ = {isa = PBXFileReference; fileEncoding = 4; lastKnownFileType = sourcecode.c.h; path = TKAString.h; sourceTree = "<group>"; };
		8AFAE7861AD55B9600DEB812 /* TKAStringTest.c */ = {isa = PBXFileReference; fileEncoding = 4; lastKnownFileType = sourcecode.c.c; path = TKAStringTest.c; sourceTree = "<group>"; };
		8AFAE7871AD55B9600DEB812 /* TKAStringTest.h */ = {isa = PBXFileReference; fileEncoding = 4; lastKnownFileType = sourcecode.c.h; path = TKAStringTest.h; sourceTree = "<group>"; };
/* End PBXFileReference section */

/* Begin PBXFrameworksBuildPhase section */
		8A72FAD81AC20F6C00C272E9 /* Frameworks */ = {
			isa = PBXFrameworksBuildPhase;
			buildActionMask = 2147483647;
			files = (
			);
			runOnlyForDeploymentPostprocessing = 0;
		};
		8A999A2A1ADCD34500EA5A08 /* Frameworks */ = {
			isa = PBXFrameworksBuildPhase;
			buildActionMask = 2147483647;
			files = (
			);
			runOnlyForDeploymentPostprocessing = 0;
		};
/* End PBXFrameworksBuildPhase section */

/* Begin PBXGroup section */
		8A01CDEB1AEFA81B00612C0E /* TKAObjC */ = {
			isa = PBXGroup;
			children = (
				8A01CDEC1AEFA81B00612C0E /* main.m */,
				8A01CDED1AEFA81B00612C0E /* Task4and5 */,
				8A01CDF11AEFA81B00612C0E /* TKACarBath */,
				8A01CE1C1AEFA81B00612C0E /* TKACreature */,
				8A01CE251AEFA81B00612C0E /* TKAHuman */,
			);
			name = TKAObjC;
			path = ../../homeworkOrigin/TKAAutoreleasePool/TKAAutoreleasePool/TKAObjC;
			sourceTree = "<group>";
		};
		8A01CDED1AEFA81B00612C0E /* Task4and5 */ = {
			isa = PBXGroup;
			children = (
				8A01CDEE1AEFA81B00612C0E /* TKAStringExtension */,
			);
			path = Task4and5;
			sourceTree = "<group>";
		};
		8A01CDEE1AEFA81B00612C0E /* TKAStringExtension */ = {
			isa = PBXGroup;
			children = (
				8A01CDEF1AEFA81B00612C0E /* NSString+TKAExtension.h */,
				8A01CDF01AEFA81B00612C0E /* NSString+TKAExtension.m */,
			);
			path = TKAStringExtension;
			sourceTree = "<group>";
		};
		8A01CDF11AEFA81B00612C0E /* TKACarBath */ = {
			isa = PBXGroup;
			children = (
				8A01CDF21AEFA81B00612C0E /* TKABuilding */,
				8A01CDFF1AEFA81B00612C0E /* TKACar */,
				8A01CE021AEFA81B00612C0E /* TKACarBathTest */,
				8A01CE051AEFA81B00612C0E /* TKAEmployee */,
				8A01CE131AEFA81B00612C0E /* TKAEnterprise */,
				8A01CE161AEFA81B00612C0E /* TKAMoney */,
				8A01CE191AEFA81B00612C0E /* TKAObjectExtension */,
			);
			path = TKACarBath;
			sourceTree = "<group>";
		};
		8A01CDF21AEFA81B00612C0E /* TKABuilding */ = {
			isa = PBXGroup;
			children = (
				8A01CDF31AEFA81B00612C0E /* TKAAdminRoom */,
				8A01CDF61AEFA81B00612C0E /* TKABuilding */,
				8A01CDF91AEFA81B00612C0E /* TKACarBox */,
				8A01CDFC1AEFA81B00612C0E /* TKARoom */,
			);
			path = TKABuilding;
			sourceTree = "<group>";
		};
		8A01CDF31AEFA81B00612C0E /* TKAAdminRoom */ = {
			isa = PBXGroup;
			children = (
				8A01CDF41AEFA81B00612C0E /* TKAAdminRoom.h */,
				8A01CDF51AEFA81B00612C0E /* TKAAdminRoom.m */,
			);
			path = TKAAdminRoom;
			sourceTree = "<group>";
		};
		8A01CDF61AEFA81B00612C0E /* TKABuilding */ = {
			isa = PBXGroup;
			children = (
				8A01CDF71AEFA81B00612C0E /* TKABuilding.h */,
				8A01CDF81AEFA81B00612C0E /* TKABuilding.m */,
			);
			path = TKABuilding;
			sourceTree = "<group>";
		};
		8A01CDF91AEFA81B00612C0E /* TKACarBox */ = {
			isa = PBXGroup;
			children = (
				8A01CDFA1AEFA81B00612C0E /* TKACarBox.h */,
				8A01CDFB1AEFA81B00612C0E /* TKACarBox.m */,
			);
			path = TKACarBox;
			sourceTree = "<group>";
		};
		8A01CDFC1AEFA81B00612C0E /* TKARoom */ = {
			isa = PBXGroup;
			children = (
				8A01CDFD1AEFA81B00612C0E /* TKARoom.h */,
				8A01CDFE1AEFA81B00612C0E /* TKARoom.m */,
			);
			path = TKARoom;
			sourceTree = "<group>";
		};
		8A01CDFF1AEFA81B00612C0E /* TKACar */ = {
			isa = PBXGroup;
			children = (
				8A01CE001AEFA81B00612C0E /* TKACar.h */,
				8A01CE011AEFA81B00612C0E /* TKACar.m */,
			);
			path = TKACar;
			sourceTree = "<group>";
		};
		8A01CE021AEFA81B00612C0E /* TKACarBathTest */ = {
			isa = PBXGroup;
			children = (
				8A01CE031AEFA81B00612C0E /* TKACarBathTest.h */,
				8A01CE041AEFA81B00612C0E /* TKACarBathTest.m */,
			);
			path = TKACarBathTest;
			sourceTree = "<group>";
		};
		8A01CE051AEFA81B00612C0E /* TKAEmployee */ = {
			isa = PBXGroup;
			children = (
				8A01CE061AEFA81B00612C0E /* TKAAcountant */,
				8A01CE091AEFA81B00612C0E /* TKADirector */,
				8A01CE0C1AEFA81B00612C0E /* TKAEmployee */,
				8A01CE0F1AEFA81B00612C0E /* TKAEmployeeProtocol.h */,
				8A01CE101AEFA81B00612C0E /* TKAWasher */,
			);
			path = TKAEmployee;
			sourceTree = "<group>";
		};
		8A01CE061AEFA81B00612C0E /* TKAAcountant */ = {
			isa = PBXGroup;
			children = (
				8A01CE071AEFA81B00612C0E /* TKAAccountant.h */,
				8A01CE081AEFA81B00612C0E /* TKAAccountant.m */,
			);
			path = TKAAcountant;
			sourceTree = "<group>";
		};
		8A01CE091AEFA81B00612C0E /* TKADirector */ = {
			isa = PBXGroup;
			children = (
				8A01CE0A1AEFA81B00612C0E /* TKADirector.h */,
				8A01CE0B1AEFA81B00612C0E /* TKADirector.m */,
			);
			path = TKADirector;
			sourceTree = "<group>";
		};
		8A01CE0C1AEFA81B00612C0E /* TKAEmployee */ = {
			isa = PBXGroup;
			children = (
				8A01CE0D1AEFA81B00612C0E /* TKAEmployee.h */,
				8A01CE0E1AEFA81B00612C0E /* TKAEmployee.m */,
			);
			path = TKAEmployee;
			sourceTree = "<group>";
		};
		8A01CE101AEFA81B00612C0E /* TKAWasher */ = {
			isa = PBXGroup;
			children = (
				8A01CE111AEFA81B00612C0E /* TKAWasher.h */,
				8A01CE121AEFA81B00612C0E /* TKAWasher.m */,
			);
			path = TKAWasher;
			sourceTree = "<group>";
		};
		8A01CE131AEFA81B00612C0E /* TKAEnterprise */ = {
			isa = PBXGroup;
			children = (
				8A01CE141AEFA81B00612C0E /* TKAEnterprise.h */,
				8A01CE151AEFA81B00612C0E /* TKAEnterprise.m */,
			);
			path = TKAEnterprise;
			sourceTree = "<group>";
		};
		8A01CE161AEFA81B00612C0E /* TKAMoney */ = {
			isa = PBXGroup;
			children = (
				8A01CE171AEFA81B00612C0E /* TKAMoney.h */,
				8A01CE181AEFA81B00612C0E /* TKAMoney.m */,
			);
			path = TKAMoney;
			sourceTree = "<group>";
		};
		8A01CE191AEFA81B00612C0E /* TKAObjectExtension */ = {
			isa = PBXGroup;
			children = (
				8A01CE1A1AEFA81B00612C0E /* NSObject+TKAExtension.h */,
				8A01CE1B1AEFA81B00612C0E /* NSObject+TKAExtension.m */,
			);
			path = TKAObjectExtension;
			sourceTree = "<group>";
		};
		8A01CE1C1AEFA81B00612C0E /* TKACreature */ = {
			isa = PBXGroup;
			children = (
				8A01CE1D1AEFA81B00612C0E /* NSObject+TKACategory.h */,
				8A01CE1E1AEFA81B00612C0E /* NSObject+TKACategory.m */,
				8A01CE1F1AEFA81B00612C0E /* TKACreature.h */,
				8A01CE201AEFA81B00612C0E /* TKACreature.m */,
				8A01CE211AEFA81B00612C0E /* TKACreatureFemale.h */,
				8A01CE221AEFA81B00612C0E /* TKACreatureFemale.m */,
				8A01CE231AEFA81B00612C0E /* TKACreatureMale.h */,
				8A01CE241AEFA81B00612C0E /* TKACreatureMale.m */,
			);
			path = TKACreature;
			sourceTree = "<group>";
		};
		8A01CE251AEFA81B00612C0E /* TKAHuman */ = {
			isa = PBXGroup;
			children = (
				8A01CE261AEFA81B00612C0E /* TKAHuman.h */,
				8A01CE271AEFA81B00612C0E /* TKAHuman.m */,
				8A01CE281AEFA81B00612C0E /* TKAHumanTest.h */,
				8A01CE291AEFA81B00612C0E /* TKAHumanTest.m */,
			);
			path = TKAHuman;
			sourceTree = "<group>";
		};
		8A558DB51ACD3FEC00BF2EFC /* TKAAutoreleasePool */ = {
			isa = PBXGroup;
			children = (
				8A558DB21ACD3FD800BF2EFC /* TKAAutoreleasePool.c */,
				8A558DB31ACD3FD800BF2EFC /* TKAAutoreleasePool.h */,
			);
			name = TKAAutoreleasePool;
			path = ..;
			sourceTree = "<group>";
		};
		8A558DB91ACD407300BF2EFC /* TKAAutoreleasePoolTest */ = {
			isa = PBXGroup;
			children = (
				8A558DB61ACD406300BF2EFC /* TKAAutoreleasePoolTest.c */,
				8A558DB71ACD406300BF2EFC /* TKAAutoreleasePoolTest.h */,
			);
			name = TKAAutoreleasePoolTest;
			sourceTree = "<group>";
		};
		8A6575B71AD25939000ACDE0 /* TKALinkedListNodeTest */ = {
			isa = PBXGroup;
			children = (
				8A6575B41AD2591A000ACDE0 /* TKALinkedListNodeTest.c */,
				8A6575B51AD2591A000ACDE0 /* TKALinkedListNodeTest.h */,
			);
			name = TKALinkedListNodeTest;
			sourceTree = "<group>";
		};
		8A72FAD21AC20F6C00C272E9 = {
			isa = PBXGroup;
			children = (
				8A72FADD1AC20F6C00C272E9 /* TKAAutoreleasePool */,
				8A72FADC1AC20F6C00C272E9 /* Products */,
				8A01CDEB1AEFA81B00612C0E /* TKAObjC */,
			);
			sourceTree = "<group>";
		};
		8A72FADC1AC20F6C00C272E9 /* Products */ = {
			isa = PBXGroup;
			children = (
				8A72FADB1AC20F6C00C272E9 /* TKAAutoreleasePool */,
				8A999A2D1ADCD34500EA5A08 /* TKAObjC */,
			);
			name = Products;
			sourceTree = "<group>";
		};
		8A72FADD1AC20F6C00C272E9 /* TKAAutoreleasePool */ = {
			isa = PBXGroup;
			children = (
				8A72FADE1AC20F6C00C272E9 /* main.c */,
				8A72FAFE1AC2122000C272E9 /* Source */,
				8A72FB0D1AC2F74300C272E9 /* Tests */,
			);
			path = TKAAutoreleasePool;
			sourceTree = "<group>";
		};
		8A72FAEE1AC2106D00C272E9 /* TKAObject */ = {
			isa = PBXGroup;
			children = (
				8A72FAE51AC20FB000C272E9 /* TKAObject.c */,
				8A72FAE61AC20FB000C272E9 /* TKAObject.h */,
			);
			name = TKAObject;
			sourceTree = "<group>";
		};
		8A72FAEF1AC2108700C272E9 /* TKAAutoreleasingStack */ = {
			isa = PBXGroup;
			children = (
				8A72FAE81AC20FEA00C272E9 /* TKAAutoreleasingStack.c */,
				8A72FAE91AC20FEA00C272E9 /* TKAAutoreleasingStack.h */,
			);
			name = TKAAutoreleasingStack;
			sourceTree = "<group>";
		};
		8A72FAF21AC210BE00C272E9 /* TKAPropertySetters */ = {
			isa = PBXGroup;
			children = (
				8A72FAEB1AC2105600C272E9 /* TKAPropertySetter.c */,
				8A72FAEC1AC2105600C272E9 /* TKAPropertySetter.h */,
			);
			name = TKAPropertySetters;
			sourceTree = "<group>";
		};
		8A72FAF61AC2111400C272E9 /* TKALinkedListNode */ = {
			isa = PBXGroup;
			children = (
				8A72FAF31AC2110500C272E9 /* TKALinkedListNode.c */,
				8A72FAF41AC2110500C272E9 /* TKALinkedListNode.h */,
			);
			name = TKALinkedListNode;
			sourceTree = "<group>";
		};
		8A72FAFA1AC2119600C272E9 /* TKALinkedList */ = {
			isa = PBXGroup;
			children = (
				8A72FAF71AC2118600C272E9 /* TKALinkedList.c */,
				8A72FAF81AC2118600C272E9 /* TKALinkedList.h */,
				8A4766D71AC94E94000FFFBE /* TKALinkedListPrivate.h */,
				8A72FAFB1AC211FC00C272E9 /* TKALinkedListEnumerator.c */,
				8A72FAFC1AC211FC00C272E9 /* TKALinkedListEnumerator.h */,
				8A4766D81AC94F28000FFFBE /* TKALinkedListEnumeratorPrivate.h */,
			);
			name = TKALinkedList;
			path = ..;
			sourceTree = "<group>";
		};
		8A72FAFE1AC2122000C272E9 /* Source */ = {
			isa = PBXGroup;
			children = (
				8A72FAEE1AC2106D00C272E9 /* TKAObject */,
				8A72FAF21AC210BE00C272E9 /* TKAPropertySetters */,
				8A72FAEF1AC2108700C272E9 /* TKAAutoreleasingStack */,
				8A72FAF61AC2111400C272E9 /* TKALinkedListNode */,
				8A72FAFA1AC2119600C272E9 /* TKALinkedList */,
				8A558DB51ACD3FEC00BF2EFC /* TKAAutoreleasePool */,
				8AFAE7891AD55B9C00DEB812 /* TKAString */,
			);
			name = Source;
			sourceTree = "<group>";
		};
		8A72FB081AC2F6D400C272E9 /* TKALinkedListTest */ = {
			isa = PBXGroup;
			children = (
				8A72FB051AC2F69400C272E9 /* TKALinkedListTest.c */,
				8A72FB061AC2F69400C272E9 /* TKALinkedListTest.h */,
			);
			name = TKALinkedListTest;
			sourceTree = "<group>";
		};
		8A72FB0A1AC2F70800C272E9 /* TKAAutoreleasingStackTest */ = {
			isa = PBXGroup;
			children = (
				8A72FB021AC2F66C00C272E9 /* TKAAutoreleasingStackTest.c */,
				8A72FB031AC2F66C00C272E9 /* TKAAutoreleasingStackTest.h */,
			);
			name = TKAAutoreleasingStackTest;
			sourceTree = "<group>";
		};
		8A72FB0C1AC2F72700C272E9 /* TKAObjectTest */ = {
			isa = PBXGroup;
			children = (
				8A72FAFF1AC2F64100C272E9 /* TKAObjectTest.c */,
				8A72FB001AC2F64100C272E9 /* TKAObjectTest.h */,
			);
			name = TKAObjectTest;
			sourceTree = "<group>";
		};
		8A72FB0D1AC2F74300C272E9 /* Tests */ = {
			isa = PBXGroup;
			children = (
				8AFAE78A1AD55BAB00DEB812 /* TKAStringTest */,
				8A72FB0C1AC2F72700C272E9 /* TKAObjectTest */,
				8A72FB0A1AC2F70800C272E9 /* TKAAutoreleasingStackTest */,
				8A6575B71AD25939000ACDE0 /* TKALinkedListNodeTest */,
				8A72FB081AC2F6D400C272E9 /* TKALinkedListTest */,
				8A558DB91ACD407300BF2EFC /* TKAAutoreleasePoolTest */,
			);
			name = Tests;
			sourceTree = "<group>";
		};
		8AFAE7891AD55B9C00DEB812 /* TKAString */ = {
			isa = PBXGroup;
			children = (
				8AFAE7831AD55B6F00DEB812 /* TKAString.c */,
				8AFAE7841AD55B6F00DEB812 /* TKAString.h */,
			);
			name = TKAString;
			sourceTree = "<group>";
		};
		8AFAE78A1AD55BAB00DEB812 /* TKAStringTest */ = {
			isa = PBXGroup;
			children = (
				8AFAE7861AD55B9600DEB812 /* TKAStringTest.c */,
				8AFAE7871AD55B9600DEB812 /* TKAStringTest.h */,
			);
			name = TKAStringTest;
			sourceTree = "<group>";
		};
/* End PBXGroup section */

/* Begin PBXNativeTarget section */
		8A72FADA1AC20F6C00C272E9 /* TKAAutoreleasePool */ = {
			isa = PBXNativeTarget;
			buildConfigurationList = 8A72FAE21AC20F6C00C272E9 /* Build configuration list for PBXNativeTarget "TKAAutoreleasePool" */;
			buildPhases = (
				8A72FAD71AC20F6C00C272E9 /* Sources */,
				8A72FAD81AC20F6C00C272E9 /* Frameworks */,
				8A72FAD91AC20F6C00C272E9 /* CopyFiles */,
			);
			buildRules = (
			);
			dependencies = (
			);
			name = TKAAutoreleasePool;
			productName = TKAAutoreleasePool;
			productReference = 8A72FADB1AC20F6C00C272E9 /* TKAAutoreleasePool */;
			productType = "com.apple.product-type.tool";
		};
		8A999A2C1ADCD34500EA5A08 /* TKAObjC */ = {
			isa = PBXNativeTarget;
			buildConfigurationList = 8A999A311ADCD34500EA5A08 /* Build configuration list for PBXNativeTarget "TKAObjC" */;
			buildPhases = (
				8A999A291ADCD34500EA5A08 /* Sources */,
				8A999A2A1ADCD34500EA5A08 /* Frameworks */,
				8A999A2B1ADCD34500EA5A08 /* CopyFiles */,
			);
			buildRules = (
			);
			dependencies = (
			);
			name = TKAObjC;
			productName = TKAObjC;
			productReference = 8A999A2D1ADCD34500EA5A08 /* TKAObjC */;
			productType = "com.apple.product-type.tool";
		};
/* End PBXNativeTarget section */

/* Begin PBXProject section */
		8A72FAD31AC20F6C00C272E9 /* Project object */ = {
			isa = PBXProject;
			attributes = {
				LastUpgradeCheck = 0610;
				ORGANIZATIONNAME = TKAHomeWork;
				TargetAttributes = {
					8A72FADA1AC20F6C00C272E9 = {
						CreatedOnToolsVersion = 6.1.1;
					};
					8A999A2C1ADCD34500EA5A08 = {
						CreatedOnToolsVersion = 6.2;
					};
				};
			};
			buildConfigurationList = 8A72FAD61AC20F6C00C272E9 /* Build configuration list for PBXProject "TKAAutoreleasePool" */;
			compatibilityVersion = "Xcode 3.2";
			developmentRegion = English;
			hasScannedForEncodings = 0;
			knownRegions = (
				en,
			);
			mainGroup = 8A72FAD21AC20F6C00C272E9;
			productRefGroup = 8A72FADC1AC20F6C00C272E9 /* Products */;
			projectDirPath = "";
			projectRoot = "";
			targets = (
				8A72FADA1AC20F6C00C272E9 /* TKAAutoreleasePool */,
				8A999A2C1ADCD34500EA5A08 /* TKAObjC */,
			);
		};
/* End PBXProject section */

/* Begin PBXSourcesBuildPhase section */
		8A72FAD71AC20F6C00C272E9 /* Sources */ = {
			isa = PBXSourcesBuildPhase;
			buildActionMask = 2147483647;
			files = (
				8A72FAED1AC2105600C272E9 /* TKAPropertySetter.c in Sources */,
				8AFAE7851AD55B6F00DEB812 /* TKAString.c in Sources */,
				8A72FADF1AC20F6C00C272E9 /* main.c in Sources */,
				8A72FAF51AC2110500C272E9 /* TKALinkedListNode.c in Sources */,
				8A72FAF91AC2118600C272E9 /* TKALinkedList.c in Sources */,
				8A72FAEA1AC20FEA00C272E9 /* TKAAutoreleasingStack.c in Sources */,
				8A72FB071AC2F69400C272E9 /* TKALinkedListTest.c in Sources */,
				8AFAE7881AD55B9600DEB812 /* TKAStringTest.c in Sources */,
				8A6575B61AD2591A000ACDE0 /* TKALinkedListNodeTest.c in Sources */,
				8A72FAE71AC20FB000C272E9 /* TKAObject.c in Sources */,
				8A72FAFD1AC211FC00C272E9 /* TKALinkedListEnumerator.c in Sources */,
				8A558DB41ACD3FD800BF2EFC /* TKAAutoreleasePool.c in Sources */,
				8A558DB81ACD406300BF2EFC /* TKAAutoreleasePoolTest.c in Sources */,
				8A72FB011AC2F64100C272E9 /* TKAObjectTest.c in Sources */,
				8A72FB041AC2F66C00C272E9 /* TKAAutoreleasingStackTest.c in Sources */,
			);
			runOnlyForDeploymentPostprocessing = 0;
		};
		8A999A291ADCD34500EA5A08 /* Sources */ = {
			isa = PBXSourcesBuildPhase;
			buildActionMask = 2147483647;
			files = (
				8A01CE311AEFA81B00612C0E /* TKACarBathTest.m in Sources */,
				8A01CE341AEFA81B00612C0E /* TKAEmployee.m in Sources */,
				8A01CE391AEFA81B00612C0E /* NSObject+TKACategory.m in Sources */,
				8A01CE3A1AEFA81B00612C0E /* TKACreature.m in Sources */,
				8A01CE3C1AEFA81B00612C0E /* TKACreatureMale.m in Sources */,
				8A01CE3E1AEFA81B00612C0E /* TKAHumanTest.m in Sources */,
				8A01CE2B1AEFA81B00612C0E /* NSString+TKAExtension.m in Sources */,
				8A01CE2F1AEFA81B00612C0E /* TKARoom.m in Sources */,
				8A01CE381AEFA81B00612C0E /* NSObject+TKAExtension.m in Sources */,
				8A01CE3B1AEFA81B00612C0E /* TKACreatureFemale.m in Sources */,
				8A01CE2C1AEFA81B00612C0E /* TKAAdminRoom.m in Sources */,
				8A01CE3D1AEFA81B00612C0E /* TKAHuman.m in Sources */,
				8A01CE2D1AEFA81B00612C0E /* TKABuilding.m in Sources */,
				8A01CE361AEFA81B00612C0E /* TKAEnterprise.m in Sources */,
				8A01CE301AEFA81B00612C0E /* TKACar.m in Sources */,
				8A01CE321AEFA81B00612C0E /* TKAAccountant.m in Sources */,
				8A01CE351AEFA81B00612C0E /* TKAWasher.m in Sources */,
				8A01CE2A1AEFA81B00612C0E /* main.m in Sources */,
				8A01CE371AEFA81B00612C0E /* TKAMoney.m in Sources */,
				8A01CE331AEFA81B00612C0E /* TKADirector.m in Sources */,
				8A01CE2E1AEFA81B00612C0E /* TKACarBox.m in Sources */,
			);
			runOnlyForDeploymentPostprocessing = 0;
		};
/* End PBXSourcesBuildPhase section */

/* Begin XCBuildConfiguration section */
		8A72FAE01AC20F6C00C272E9 /* Debug */ = {
			isa = XCBuildConfiguration;
			buildSettings = {
				ALWAYS_SEARCH_USER_PATHS = NO;
				CLANG_CXX_LANGUAGE_STANDARD = "gnu++0x";
				CLANG_CXX_LIBRARY = "libc++";
				CLANG_ENABLE_MODULES = YES;
				CLANG_ENABLE_OBJC_ARC = YES;
				CLANG_WARN_BOOL_CONVERSION = YES;
				CLANG_WARN_CONSTANT_CONVERSION = YES;
				CLANG_WARN_DIRECT_OBJC_ISA_USAGE = YES_ERROR;
				CLANG_WARN_EMPTY_BODY = YES;
				CLANG_WARN_ENUM_CONVERSION = YES;
				CLANG_WARN_INT_CONVERSION = YES;
				CLANG_WARN_OBJC_ROOT_CLASS = YES_ERROR;
				CLANG_WARN_UNREACHABLE_CODE = YES;
				CLANG_WARN__DUPLICATE_METHOD_MATCH = YES;
				COPY_PHASE_STRIP = NO;
				ENABLE_STRICT_OBJC_MSGSEND = YES;
				GCC_C_LANGUAGE_STANDARD = gnu99;
				GCC_DYNAMIC_NO_PIC = NO;
				GCC_OPTIMIZATION_LEVEL = 0;
				GCC_PREPROCESSOR_DEFINITIONS = (
					"DEBUG=1",
					"$(inherited)",
				);
				GCC_SYMBOLS_PRIVATE_EXTERN = NO;
				GCC_WARN_64_TO_32_BIT_CONVERSION = YES;
				GCC_WARN_ABOUT_RETURN_TYPE = YES_ERROR;
				GCC_WARN_UNDECLARED_SELECTOR = YES;
				GCC_WARN_UNINITIALIZED_AUTOS = YES_AGGRESSIVE;
				GCC_WARN_UNUSED_FUNCTION = YES;
				GCC_WARN_UNUSED_VARIABLE = YES;
				MACOSX_DEPLOYMENT_TARGET = 10.10;
				MTL_ENABLE_DEBUG_INFO = YES;
				ONLY_ACTIVE_ARCH = YES;
				SDKROOT = macosx;
			};
			name = Debug;
		};
		8A72FAE11AC20F6C00C272E9 /* Release */ = {
			isa = XCBuildConfiguration;
			buildSettings = {
				ALWAYS_SEARCH_USER_PATHS = NO;
				CLANG_CXX_LANGUAGE_STANDARD = "gnu++0x";
				CLANG_CXX_LIBRARY = "libc++";
				CLANG_ENABLE_MODULES = YES;
				CLANG_ENABLE_OBJC_ARC = YES;
				CLANG_WARN_BOOL_CONVERSION = YES;
				CLANG_WARN_CONSTANT_CONVERSION = YES;
				CLANG_WARN_DIRECT_OBJC_ISA_USAGE = YES_ERROR;
				CLANG_WARN_EMPTY_BODY = YES;
				CLANG_WARN_ENUM_CONVERSION = YES;
				CLANG_WARN_INT_CONVERSION = YES;
				CLANG_WARN_OBJC_ROOT_CLASS = YES_ERROR;
				CLANG_WARN_UNREACHABLE_CODE = YES;
				CLANG_WARN__DUPLICATE_METHOD_MATCH = YES;
				COPY_PHASE_STRIP = YES;
				DEBUG_INFORMATION_FORMAT = "dwarf-with-dsym";
				ENABLE_NS_ASSERTIONS = NO;
				ENABLE_STRICT_OBJC_MSGSEND = YES;
				GCC_C_LANGUAGE_STANDARD = gnu99;
				GCC_WARN_64_TO_32_BIT_CONVERSION = YES;
				GCC_WARN_ABOUT_RETURN_TYPE = YES_ERROR;
				GCC_WARN_UNDECLARED_SELECTOR = YES;
				GCC_WARN_UNINITIALIZED_AUTOS = YES_AGGRESSIVE;
				GCC_WARN_UNUSED_FUNCTION = YES;
				GCC_WARN_UNUSED_VARIABLE = YES;
				MACOSX_DEPLOYMENT_TARGET = 10.10;
				MTL_ENABLE_DEBUG_INFO = NO;
				SDKROOT = macosx;
			};
			name = Release;
		};
		8A72FAE31AC20F6C00C272E9 /* Debug */ = {
			isa = XCBuildConfiguration;
			buildSettings = {
				PRODUCT_NAME = "$(TARGET_NAME)";
			};
			name = Debug;
		};
		8A72FAE41AC20F6C00C272E9 /* Release */ = {
			isa = XCBuildConfiguration;
			buildSettings = {
				PRODUCT_NAME = "$(TARGET_NAME)";
			};
			name = Release;
		};
		8A999A321ADCD34500EA5A08 /* Debug */ = {
			isa = XCBuildConfiguration;
			buildSettings = {
				CLANG_ENABLE_OBJC_ARC = NO;
				GCC_PREPROCESSOR_DEFINITIONS = (
					"DEBUG=1",
					"$(inherited)",
				);
				PRODUCT_NAME = "$(TARGET_NAME)";
			};
			name = Debug;
		};
		8A999A331ADCD34500EA5A08 /* Release */ = {
			isa = XCBuildConfiguration;
			buildSettings = {
				CLANG_ENABLE_OBJC_ARC = NO;
				COPY_PHASE_STRIP = NO;
				PRODUCT_NAME = "$(TARGET_NAME)";
			};
			name = Release;
		};
/* End XCBuildConfiguration section */

/* Begin XCConfigurationList section */
		8A72FAD61AC20F6C00C272E9 /* Build configuration list for PBXProject "TKAAutoreleasePool" */ = {
			isa = XCConfigurationList;
			buildConfigurations = (
				8A72FAE01AC20F6C00C272E9 /* Debug */,
				8A72FAE11AC20F6C00C272E9 /* Release */,
			);
			defaultConfigurationIsVisible = 0;
			defaultConfigurationName = Release;
		};
		8A72FAE21AC20F6C00C272E9 /* Build configuration list for PBXNativeTarget "TKAAutoreleasePool" */ = {
			isa = XCConfigurationList;
			buildConfigurations = (
				8A72FAE31AC20F6C00C272E9 /* Debug */,
				8A72FAE41AC20F6C00C272E9 /* Release */,
			);
			defaultConfigurationIsVisible = 0;
			defaultConfigurationName = Release;
		};
		8A999A311ADCD34500EA5A08 /* Build configuration list for PBXNativeTarget "TKAObjC" */ = {
			isa = XCConfigurationList;
			buildConfigurations = (
				8A999A321ADCD34500EA5A08 /* Debug */,
				8A999A331ADCD34500EA5A08 /* Release */,
			);
			defaultConfigurationIsVisible = 0;
			defaultConfigurationName = Release;
		};
/* End XCConfigurationList section */
	};
	rootObject = 8A72FAD31AC20F6C00C272E9 /* Project object */;
}
